// !$*UTF8*$!
{
	archiveVersion = 1;
	classes = {
	};
	objectVersion = 50;
	objects = {

/* Begin PBXBuildFile section */
		6E05231F235F9A5100210C9F /* UIViewController+ext.swift in Sources */ = {isa = PBXBuildFile; fileRef = 6E05231E235F9A5100210C9F /* UIViewController+ext.swift */; };
		6EE2D8052358EE4100ABD603 /* AppDelegate.swift in Sources */ = {isa = PBXBuildFile; fileRef = 6EE2D8042358EE4100ABD603 /* AppDelegate.swift */; };
		6EE2D8072358EE4100ABD603 /* SceneDelegate.swift in Sources */ = {isa = PBXBuildFile; fileRef = 6EE2D8062358EE4100ABD603 /* SceneDelegate.swift */; };
		6EE2D8092358EE4100ABD603 /* ViewController.swift in Sources */ = {isa = PBXBuildFile; fileRef = 6EE2D8082358EE4100ABD603 /* ViewController.swift */; };
		6EE2D80C2358EE4100ABD603 /* Main.storyboard in Resources */ = {isa = PBXBuildFile; fileRef = 6EE2D80A2358EE4100ABD603 /* Main.storyboard */; };
		6EE2D80E2358EE4200ABD603 /* Assets.xcassets in Resources */ = {isa = PBXBuildFile; fileRef = 6EE2D80D2358EE4200ABD603 /* Assets.xcassets */; };
		6EE2D8112358EE4200ABD603 /* LaunchScreen.storyboard in Resources */ = {isa = PBXBuildFile; fileRef = 6EE2D80F2358EE4200ABD603 /* LaunchScreen.storyboard */; };
/* End PBXBuildFile section */

/* Begin PBXFileReference section */
		6E05231E235F9A5100210C9F /* UIViewController+ext.swift */ = {isa = PBXFileReference; lastKnownFileType = sourcecode.swift; path = "UIViewController+ext.swift"; sourceTree = "<group>"; };
		6EE2D8012358EE4100ABD603 /* Elizaveta Kondakova.app */ = {isa = PBXFileReference; explicitFileType = wrapper.application; includeInIndex = 0; path = "Elizaveta Kondakova.app"; sourceTree = BUILT_PRODUCTS_DIR; };
		6EE2D8042358EE4100ABD603 /* AppDelegate.swift */ = {isa = PBXFileReference; lastKnownFileType = sourcecode.swift; path = AppDelegate.swift; sourceTree = "<group>"; };
		6EE2D8062358EE4100ABD603 /* SceneDelegate.swift */ = {isa = PBXFileReference; lastKnownFileType = sourcecode.swift; path = SceneDelegate.swift; sourceTree = "<group>"; };
		6EE2D8082358EE4100ABD603 /* ViewController.swift */ = {isa = PBXFileReference; lastKnownFileType = sourcecode.swift; path = ViewController.swift; sourceTree = "<group>"; };
		6EE2D80B2358EE4100ABD603 /* Base */ = {isa = PBXFileReference; lastKnownFileType = file.storyboard; name = Base; path = Base.lproj/Main.storyboard; sourceTree = "<group>"; };
		6EE2D80D2358EE4200ABD603 /* Assets.xcassets */ = {isa = PBXFileReference; lastKnownFileType = folder.assetcatalog; path = Assets.xcassets; sourceTree = "<group>"; };
		6EE2D8102358EE4200ABD603 /* Base */ = {isa = PBXFileReference; lastKnownFileType = file.storyboard; name = Base; path = Base.lproj/LaunchScreen.storyboard; sourceTree = "<group>"; };
		6EE2D8122358EE4200ABD603 /* Info.plist */ = {isa = PBXFileReference; lastKnownFileType = text.plist.xml; path = Info.plist; sourceTree = "<group>"; };
/* End PBXFileReference section */

/* Begin PBXFrameworksBuildPhase section */
		6EE2D7FE2358EE4100ABD603 /* Frameworks */ = {
			isa = PBXFrameworksBuildPhase;
			buildActionMask = 2147483647;
			files = (
			);
			runOnlyForDeploymentPostprocessing = 0;
		};
/* End PBXFrameworksBuildPhase section */

/* Begin PBXGroup section */
		6EE2D7F82358EE4100ABD603 = {
			isa = PBXGroup;
			children = (
				6EE2D8032358EE4100ABD603 /* Elizaveta Kondakova */,
				6EE2D8022358EE4100ABD603 /* Products */,
			);
			sourceTree = "<group>";
		};
		6EE2D8022358EE4100ABD603 /* Products */ = {
			isa = PBXGroup;
			children = (
				6EE2D8012358EE4100ABD603 /* Elizaveta Kondakova.app */,
			);
			name = Products;
			sourceTree = "<group>";
		};
		6EE2D8032358EE4100ABD603 /* Elizaveta Kondakova */ = {
			isa = PBXGroup;
			children = (
				6EE2D8042358EE4100ABD603 /* AppDelegate.swift */,
				6EE2D8062358EE4100ABD603 /* SceneDelegate.swift */,
				6E05231E235F9A5100210C9F /* UIViewController+ext.swift */,
				6EE2D8082358EE4100ABD603 /* ViewController.swift */,
				6EE2D80A2358EE4100ABD603 /* Main.storyboard */,
				6EE2D80D2358EE4200ABD603 /* Assets.xcassets */,
				6EE2D80F2358EE4200ABD603 /* LaunchScreen.storyboard */,
				6EE2D8122358EE4200ABD603 /* Info.plist */,
			);
			path = "Elizaveta Kondakova";
			sourceTree = "<group>";
		};
/* End PBXGroup section */

/* Begin PBXNativeTarget section */
		6EE2D8002358EE4100ABD603 /* Elizaveta Kondakova */ = {
			isa = PBXNativeTarget;
			buildConfigurationList = 6EE2D8152358EE4200ABD603 /* Build configuration list for PBXNativeTarget "Elizaveta Kondakova" */;
			buildPhases = (
				6EE2D7FD2358EE4100ABD603 /* Sources */,
				6EE2D7FE2358EE4100ABD603 /* Frameworks */,
				6EE2D7FF2358EE4100ABD603 /* Resources */,
			);
			buildRules = (
			);
			dependencies = (
			);
			name = "Elizaveta Kondakova";
			productName = "Elizaveta Kondakova";
			productReference = 6EE2D8012358EE4100ABD603 /* Elizaveta Kondakova.app */;
			productType = "com.apple.product-type.application";
		};
/* End PBXNativeTarget section */

/* Begin PBXProject section */
		6EE2D7F92358EE4100ABD603 /* Project object */ = {
			isa = PBXProject;
			attributes = {
				LastSwiftUpdateCheck = 1110;
				LastUpgradeCheck = 1110;
				ORGANIZATIONNAME = Liza;
				TargetAttributes = {
					6EE2D8002358EE4100ABD603 = {
						CreatedOnToolsVersion = 11.1;
					};
				};
			};
			buildConfigurationList = 6EE2D7FC2358EE4100ABD603 /* Build configuration list for PBXProject "Elizaveta Kondakova" */;
			compatibilityVersion = "Xcode 9.3";
			developmentRegion = en;
			hasScannedForEncodings = 0;
			knownRegions = (
				en,
				Base,
			);
			mainGroup = 6EE2D7F82358EE4100ABD603;
			productRefGroup = 6EE2D8022358EE4100ABD603 /* Products */;
			projectDirPath = "";
			projectRoot = "";
			targets = (
				6EE2D8002358EE4100ABD603 /* Elizaveta Kondakova */,
			);
		};
/* End PBXProject section */

/* Begin PBXResourcesBuildPhase section */
		6EE2D7FF2358EE4100ABD603 /* Resources */ = {
			isa = PBXResourcesBuildPhase;
			buildActionMask = 2147483647;
			files = (
				6EE2D8112358EE4200ABD603 /* LaunchScreen.storyboard in Resources */,
				6EE2D80E2358EE4200ABD603 /* Assets.xcassets in Resources */,
				6EE2D80C2358EE4100ABD603 /* Main.storyboard in Resources */,
			);
			runOnlyForDeploymentPostprocessing = 0;
		};
/* End PBXResourcesBuildPhase section */

/* Begin PBXSourcesBuildPhase section */
		6EE2D7FD2358EE4100ABD603 /* Sources */ = {
			isa = PBXSourcesBuildPhase;
			buildActionMask = 2147483647;
			files = (
				6EE2D8092358EE4100ABD603 /* ViewController.swift in Sources */,
				6EE2D8052358EE4100ABD603 /* AppDelegate.swift in Sources */,
				6E05231F235F9A5100210C9F /* UIViewController+ext.swift in Sources */,
				6EE2D8072358EE4100ABD603 /* SceneDelegate.swift in Sources */,
			);
			runOnlyForDeploymentPostprocessing = 0;
		};
/* End PBXSourcesBuildPhase section */

/* Begin PBXVariantGroup section */
		6EE2D80A2358EE4100ABD603 /* Main.storyboard */ = {
			isa = PBXVariantGroup;
			children = (
				6EE2D80B2358EE4100ABD603 /* Base */,
			);
			name = Main.storyboard;
			sourceTree = "<group>";
		};
		6EE2D80F2358EE4200ABD603 /* LaunchScreen.storyboard */ = {
			isa = PBXVariantGroup;
			children = (
				6EE2D8102358EE4200ABD603 /* Base */,
			);
			name = LaunchScreen.storyboard;
			sourceTree = "<group>";
		};
/* End PBXVariantGroup section */

/* Begin XCBuildConfiguration section */
		6EE2D8132358EE4200ABD603 /* Debug */ = {
			isa = XCBuildConfiguration;
			buildSettings = {
				ALWAYS_SEARCH_USER_PATHS = NO;
				CLANG_ANALYZER_NONNULL = YES;
				CLANG_ANALYZER_NUMBER_OBJECT_CONVERSION = YES_AGGRESSIVE;
				CLANG_CXX_LANGUAGE_STANDARD = "gnu++14";
				CLANG_CXX_LIBRARY = "libc++";
				CLANG_ENABLE_MODULES = YES;
				CLANG_ENABLE_OBJC_ARC = YES;
				CLANG_ENABLE_OBJC_WEAK = YES;
				CLANG_WARN_BLOCK_CAPTURE_AUTORELEASING = YES;
				CLANG_WARN_BOOL_CONVERSION = YES;
				CLANG_WARN_COMMA = YES;
				CLANG_WARN_CONSTANT_CONVERSION = YES;
				CLANG_WARN_DEPRECATED_OBJC_IMPLEMENTATIONS = YES;
				CLANG_WARN_DIRECT_OBJC_ISA_USAGE = YES_ERROR;
				CLANG_WARN_DOCUMENTATION_COMMENTS = YES;
				CLANG_WARN_EMPTY_BODY = YES;
				CLANG_WARN_ENUM_CONVERSION = YES;
				CLANG_WARN_INFINITE_RECURSION = YES;
				CLANG_WARN_INT_CONVERSION = YES;
				CLANG_WARN_NON_LITERAL_NULL_CONVERSION = YES;
				CLANG_WARN_OBJC_IMPLICIT_RETAIN_SELF = YES;
				CLANG_WARN_OBJC_LITERAL_CONVERSION = YES;
				CLANG_WARN_OBJC_ROOT_CLASS = YES_ERROR;
				CLANG_WARN_RANGE_LOOP_ANALYSIS = YES;
				CLANG_WARN_STRICT_PROTOTYPES = YES;
				CLANG_WARN_SUSPICIOUS_MOVE = YES;
				CLANG_WARN_UNGUARDED_AVAILABILITY = YES_AGGRESSIVE;
				CLANG_WARN_UNREACHABLE_CODE = YES;
				CLANG_WARN__DUPLICATE_METHOD_MATCH = YES;
				COPY_PHASE_STRIP = NO;
				DEBUG_INFORMATION_FORMAT = dwarf;
				ENABLE_STRICT_OBJC_MSGSEND = YES;
				ENABLE_TESTABILITY = YES;
				GCC_C_LANGUAGE_STANDARD = gnu11;
				GCC_DYNAMIC_NO_PIC = NO;
				GCC_NO_COMMON_BLOCKS = YES;
				GCC_OPTIMIZATION_LEVEL = 0;
				GCC_PREPROCESSOR_DEFINITIONS = (
					"DEBUG=1",
					"$(inherited)",
				);
				GCC_WARN_64_TO_32_BIT_CONVERSION = YES;
				GCC_WARN_ABOUT_RETURN_TYPE = YES_ERROR;
				GCC_WARN_UNDECLARED_SELECTOR = YES;
				GCC_WARN_UNINITIALIZED_AUTOS = YES_AGGRESSIVE;
				GCC_WARN_UNUSED_FUNCTION = YES;
				GCC_WARN_UNUSED_VARIABLE = YES;
				IPHONEOS_DEPLOYMENT_TARGET = 13.1;
				MTL_ENABLE_DEBUG_INFO = INCLUDE_SOURCE;
				MTL_FAST_MATH = YES;
				ONLY_ACTIVE_ARCH = YES;
				SDKROOT = iphoneos;
				SWIFT_ACTIVE_COMPILATION_CONDITIONS = DEBUG;
				SWIFT_OPTIMIZATION_LEVEL = "-Onone";
			};
			name = Debug;
		};
		6EE2D8142358EE4200ABD603 /* Release */ = {
			isa = XCBuildConfiguration;
			buildSettings = {
				ALWAYS_SEARCH_USER_PATHS = NO;
				CLANG_ANALYZER_NONNULL = YES;
				CLANG_ANALYZER_NUMBER_OBJECT_CONVERSION = YES_AGGRESSIVE;
				CLANG_CXX_LANGUAGE_STANDARD = "gnu++14";
				CLANG_CXX_LIBRARY = "libc++";
				CLANG_ENABLE_MODULES = YES;
				CLANG_ENABLE_OBJC_ARC = YES;
				CLANG_ENABLE_OBJC_WEAK = YES;
				CLANG_WARN_BLOCK_CAPTURE_AUTORELEASING = YES;
				CLANG_WARN_BOOL_CONVERSION = YES;
				CLANG_WARN_COMMA = YES;
				CLANG_WARN_CONSTANT_CONVERSION = YES;
				CLANG_WARN_DEPRECATED_OBJC_IMPLEMENTATIONS = YES;
				CLANG_WARN_DIRECT_OBJC_ISA_USAGE = YES_ERROR;
				CLANG_WARN_DOCUMENTATION_COMMENTS = YES;
				CLANG_WARN_EMPTY_BODY = YES;
				CLANG_WARN_ENUM_CONVERSION = YES;
				CLANG_WARN_INFINITE_RECURSION = YES;
				CLANG_WARN_INT_CONVERSION = YES;
				CLANG_WARN_NON_LITERAL_NULL_CONVERSION = YES;
				CLANG_WARN_OBJC_IMPLICIT_RETAIN_SELF = YES;
				CLANG_WARN_OBJC_LITERAL_CONVERSION = YES;
				CLANG_WARN_OBJC_ROOT_CLASS = YES_ERROR;
				CLANG_WARN_RANGE_LOOP_ANALYSIS = YES;
				CLANG_WARN_STRICT_PROTOTYPES = YES;
				CLANG_WARN_SUSPICIOUS_MOVE = YES;
				CLANG_WARN_UNGUARDED_AVAILABILITY = YES_AGGRESSIVE;
				CLANG_WARN_UNREACHABLE_CODE = YES;
				CLANG_WARN__DUPLICATE_METHOD_MATCH = YES;
				COPY_PHASE_STRIP = NO;
				DEBUG_INFORMATION_FORMAT = "dwarf-with-dsym";
				ENABLE_NS_ASSERTIONS = NO;
				ENABLE_STRICT_OBJC_MSGSEND = YES;
				GCC_C_LANGUAGE_STANDARD = gnu11;
				GCC_NO_COMMON_BLOCKS = YES;
				GCC_WARN_64_TO_32_BIT_CONVERSION = YES;
				GCC_WARN_ABOUT_RETURN_TYPE = YES_ERROR;
				GCC_WARN_UNDECLARED_SELECTOR = YES;
				GCC_WARN_UNINITIALIZED_AUTOS = YES_AGGRESSIVE;
				GCC_WARN_UNUSED_FUNCTION = YES;
				GCC_WARN_UNUSED_VARIABLE = YES;
				IPHONEOS_DEPLOYMENT_TARGET = 13.1;
				MTL_ENABLE_DEBUG_INFO = NO;
				MTL_FAST_MATH = YES;
				SDKROOT = iphoneos;
				SWIFT_COMPILATION_MODE = wholemodule;
				SWIFT_OPTIMIZATION_LEVEL = "-O";
				VALIDATE_PRODUCT = YES;
			};
			name = Release;
		};
		6EE2D8162358EE4200ABD603 /* Debug */ = {
			isa = XCBuildConfiguration;
			buildSettings = {
				ASSETCATALOG_COMPILER_APPICON_NAME = AppIcon;
				CODE_SIGN_STYLE = Automatic;
				INFOPLIST_FILE = "Elizaveta Kondakova/Info.plist";
				LD_RUNPATH_SEARCH_PATHS = (
					"$(inherited)",
					"@executable_path/Frameworks",
				);
				PRODUCT_BUNDLE_IDENTIFIER = "ru.Liza.Elizaveta-Kondakova";
				PRODUCT_NAME = "$(TARGET_NAME)";
				SWIFT_VERSION = 5.0;
				TARGETED_DEVICE_FAMILY = "1,2";
			};
			name = Debug;
		};
		6EE2D8172358EE4200ABD603 /* Release */ = {
			isa = XCBuildConfiguration;
			buildSettings = {
				ASSETCATALOG_COMPILER_APPICON_NAME = AppIcon;
				CODE_SIGN_STYLE = Automatic;
				INFOPLIST_FILE = "Elizaveta Kondakova/Info.plist";
				LD_RUNPATH_SEARCH_PATHS = (
					"$(inherited)",
					"@executable_path/Frameworks",
				);
				PRODUCT_BUNDLE_IDENTIFIER = "ru.Liza.Elizaveta-Kondakova";
				PRODUCT_NAME = "$(TARGET_NAME)";
				SWIFT_VERSION = 5.0;
				TARGETED_DEVICE_FAMILY = "1,2";
			};
			name = Release;
		};
/* End XCBuildConfiguration section */

/* Begin XCConfigurationList section */
		6EE2D7FC2358EE4100ABD603 /* Build configuration list for PBXProject "Elizaveta Kondakova" */ = {
			isa = XCConfigurationList;
			buildConfigurations = (
				6EE2D8132358EE4200ABD603 /* Debug */,
				6EE2D8142358EE4200ABD603 /* Release */,
			);
			defaultConfigurationIsVisible = 0;
			defaultConfigurationName = Release;
		};
		6EE2D8152358EE4200ABD603 /* Build configuration list for PBXNativeTarget "Elizaveta Kondakova" */ = {
			isa = XCConfigurationList;
			buildConfigurations = (
				6EE2D8162358EE4200ABD603 /* Debug */,
				6EE2D8172358EE4200ABD603 /* Release */,
			);
			defaultConfigurationIsVisible = 0;
			defaultConfigurationName = Release;
		};
/* End XCConfigurationList section */
	};
	rootObject = 6EE2D7F92358EE4100ABD603 /* Project object */;
}
